
Microsoft Visual Studio Solution File, Format Version 12.00
# Visual Studio Version 16
VisualStudioVersion = 16.0.32126.315
MinimumVisualStudioVersion = 10.0.40219.1
Project("{FAE04EC0-301F-11D3-BF4B-00C04F79EFBC}") = "IspecGenerator", "IspecGenerator\IspecGenerator.csproj", "{00D05981-236D-4C22-AF12-E2EF399035A5}"
EndProject
Global
	GlobalSection(SolutionConfigurationPlatforms) = preSolution
		Debug|Any CPU = Debug|Any CPU
		Release|Any CPU = Release|Any CPU
	EndGlobalSection
	GlobalSection(ProjectConfigurationPlatforms) = postSolution
		{00D05981-236D-4C22-AF12-E2EF399035A5}.Debug|Any CPU.ActiveCfg = Debug|Any CPU
		{00D05981-236D-4C22-AF12-E2EF399035A5}.Debug|Any CPU.Build.0 = Debug|Any CPU
		{00D05981-236D-4C22-AF12-E2EF399035A5}.Release|Any CPU.ActiveCfg = Release|Any CPU
		{00D05981-236D-4C22-AF12-E2EF399035A5}.Release|Any CPU.Build.0 = Release|Any CPU
	EndGlobalSection
	GlobalSection(SolutionProperties) = preSolution
		HideSolutionNode = FALSE
	EndGlobalSection
	GlobalSection(ExtensibilityGlobals) = postSolution
		SolutionGuid = {77789687-C55B-4CF3-843F-51B1C8A8FA71}
	EndGlobalSection
EndGlobal
